
Microsoft Visual Studio Solution File, Format Version 12.00
# Visual Studio Version 16
VisualStudioVersion = 16.0.29306.81
MinimumVisualStudioVersion = 10.0.40219.1
Project("{9A19103F-16F7-4668-BE54-9A1E7A4F7556}") = "ControllerApi", "API\ControllerApi.csproj", "{F48AFACE-BBEE-4916-B290-FCE0BF8226CA}"
EndProject
Project("{9A19103F-16F7-4668-BE54-9A1E7A4F7556}") = "Console", "Console\Console.csproj", "{91C2F9F6-830E-4D33-A65F-ED3B88BDDCB0}"
EndProject
Project("{9A19103F-16F7-4668-BE54-9A1E7A4F7556}") = "Frontend", "Frontend\Frontend.csproj", "{C8F96D1A-4CB7-46D7-8427-22C91C3E1B24}"
EndProject
Global
	GlobalSection(SolutionConfigurationPlatforms) = preSolution
		Debug|Any CPU = Debug|Any CPU
		Release|Any CPU = Release|Any CPU
	EndGlobalSection
	GlobalSection(ProjectConfigurationPlatforms) = postSolution
		{F48AFACE-BBEE-4916-B290-FCE0BF8226CA}.Debug|Any CPU.ActiveCfg = Debug|Any CPU
		{F48AFACE-BBEE-4916-B290-FCE0BF8226CA}.Debug|Any CPU.Build.0 = Debug|Any CPU
		{F48AFACE-BBEE-4916-B290-FCE0BF8226CA}.Release|Any CPU.ActiveCfg = Release|Any CPU
		{F48AFACE-BBEE-4916-B290-FCE0BF8226CA}.Release|Any CPU.Build.0 = Release|Any CPU
		{91C2F9F6-830E-4D33-A65F-ED3B88BDDCB0}.Debug|Any CPU.ActiveCfg = Debug|Any CPU
		{91C2F9F6-830E-4D33-A65F-ED3B88BDDCB0}.Debug|Any CPU.Build.0 = Debug|Any CPU
		{91C2F9F6-830E-4D33-A65F-ED3B88BDDCB0}.Release|Any CPU.ActiveCfg = Release|Any CPU
		{91C2F9F6-830E-4D33-A65F-ED3B88BDDCB0}.Release|Any CPU.Build.0 = Release|Any CPU
		{C8F96D1A-4CB7-46D7-8427-22C91C3E1B24}.Debug|Any CPU.ActiveCfg = Debug|Any CPU
		{C8F96D1A-4CB7-46D7-8427-22C91C3E1B24}.Debug|Any CPU.Build.0 = Debug|Any CPU
		{C8F96D1A-4CB7-46D7-8427-22C91C3E1B24}.Release|Any CPU.ActiveCfg = Release|Any CPU
		{C8F96D1A-4CB7-46D7-8427-22C91C3E1B24}.Release|Any CPU.Build.0 = Release|Any CPU
	EndGlobalSection
	GlobalSection(SolutionProperties) = preSolution
		HideSolutionNode = FALSE
	EndGlobalSection
	GlobalSection(ExtensibilityGlobals) = postSolution
		SolutionGuid = {7E09BBF4-6258-46CA-9597-5851F93EB16D}
	EndGlobalSection
EndGlobal
