
Microsoft Visual Studio Solution File, Format Version 12.00
# Visual Studio Version 16
VisualStudioVersion = 16.0.29306.81
MinimumVisualStudioVersion = 10.0.40219.1
Project("{9A19103F-16F7-4668-BE54-9A1E7A4F7556}") = "ControllerApi", "API\ControllerApi.csproj", "{F48AFACE-BBEE-4916-B290-FCE0BF8226CA}"
EndProject
Project("{9A19103F-16F7-4668-BE54-9A1E7A4F7556}") = "Console", "Console\Console.csproj", "{91C2F9F6-830E-4D33-A65F-ED3B88BDDCB0}"
EndProject
Project("{FAE04EC0-301F-11D3-BF4B-00C04F79EFBC}") = "Frontend", "Frontend\Frontend.csproj", "{DCA9F41E-C32A-4982-9621-E65A56125410}"
EndProject
Global
	GlobalSection(SolutionConfigurationPlatforms) = preSolution
		Debug|Any CPU = Debug|Any CPU
		Release|Any CPU = Release|Any CPU
	EndGlobalSection
	GlobalSection(ProjectConfigurationPlatforms) = postSolution
		{F48AFACE-BBEE-4916-B290-FCE0BF8226CA}.Debug|Any CPU.ActiveCfg = Debug|Any CPU
		{F48AFACE-BBEE-4916-B290-FCE0BF8226CA}.Debug|Any CPU.Build.0 = Debug|Any CPU
		{F48AFACE-BBEE-4916-B290-FCE0BF8226CA}.Release|Any CPU.ActiveCfg = Release|Any CPU
		{F48AFACE-BBEE-4916-B290-FCE0BF8226CA}.Release|Any CPU.Build.0 = Release|Any CPU
		{91C2F9F6-830E-4D33-A65F-ED3B88BDDCB0}.Debug|Any CPU.ActiveCfg = Debug|Any CPU
		{91C2F9F6-830E-4D33-A65F-ED3B88BDDCB0}.Debug|Any CPU.Build.0 = Debug|Any CPU
		{91C2F9F6-830E-4D33-A65F-ED3B88BDDCB0}.Release|Any CPU.ActiveCfg = Release|Any CPU
		{91C2F9F6-830E-4D33-A65F-ED3B88BDDCB0}.Release|Any CPU.Build.0 = Release|Any CPU
		{DCA9F41E-C32A-4982-9621-E65A56125410}.Debug|Any CPU.ActiveCfg = Debug|Any CPU
		{DCA9F41E-C32A-4982-9621-E65A56125410}.Debug|Any CPU.Build.0 = Debug|Any CPU
		{DCA9F41E-C32A-4982-9621-E65A56125410}.Release|Any CPU.ActiveCfg = Release|Any CPU
		{DCA9F41E-C32A-4982-9621-E65A56125410}.Release|Any CPU.Build.0 = Release|Any CPU
	EndGlobalSection
	GlobalSection(SolutionProperties) = preSolution
		HideSolutionNode = FALSE
	EndGlobalSection
	GlobalSection(ExtensibilityGlobals) = postSolution
		SolutionGuid = {7E09BBF4-6258-46CA-9597-5851F93EB16D}
	EndGlobalSection
EndGlobal
